// !$*UTF8*$!
{
	archiveVersion = 1;
	classes = {
	};
	objectVersion = 56;
	objects = {

/* Begin PBXBuildFile section */
		0A30AE9F2C9B9A91000DF18B /* epfl_travelApp.swift in Sources */ = {isa = PBXBuildFile; fileRef = 0A30AE9E2C9B9A91000DF18B /* epfl_travelApp.swift */; };
		0A30AEA12C9B9A91000DF18B /* ContentView.swift in Sources */ = {isa = PBXBuildFile; fileRef = 0A30AEA02C9B9A91000DF18B /* ContentView.swift */; };
		0A30AEA32C9B9A93000DF18B /* Assets.xcassets in Resources */ = {isa = PBXBuildFile; fileRef = 0A30AEA22C9B9A93000DF18B /* Assets.xcassets */; };
		0A30AEA62C9B9A93000DF18B /* Preview Assets.xcassets in Resources */ = {isa = PBXBuildFile; fileRef = 0A30AEA52C9B9A93000DF18B /* Preview Assets.xcassets */; };
		0A30AEB12C9B9B5F000DF18B /* MapView.swift in Sources */ = {isa = PBXBuildFile; fileRef = 0A30AEB02C9B9B5F000DF18B /* MapView.swift */; };
		0A30AEB52C9B9BAA000DF18B /* TimetableView.swift in Sources */ = {isa = PBXBuildFile; fileRef = 0A30AEB42C9B9BAA000DF18B /* TimetableView.swift */; };
		0A30AEB82C9B9BF5000DF18B /* LocationManager.swift in Sources */ = {isa = PBXBuildFile; fileRef = 0A30AEB72C9B9BF5000DF18B /* LocationManager.swift */; };
		0A30AEBB2C9B9C05000DF18B /* TransportStop.swift in Sources */ = {isa = PBXBuildFile; fileRef = 0A30AEBA2C9B9C05000DF18B /* TransportStop.swift */; };
		0A30AEBD2C9B9C13000DF18B /* BikeStop.swift in Sources */ = {isa = PBXBuildFile; fileRef = 0A30AEBC2C9B9C13000DF18B /* BikeStop.swift */; };
		0A30AEBF2C9B9C25000DF18B /* StopsResponse.swift in Sources */ = {isa = PBXBuildFile; fileRef = 0A30AEBE2C9B9C25000DF18B /* StopsResponse.swift */; };
		0A30AEC12C9B9C2B000DF18B /* Route.swift in Sources */ = {isa = PBXBuildFile; fileRef = 0A30AEC02C9B9C2B000DF18B /* Route.swift */; };
		0A30AEC32C9B9C34000DF18B /* StationboardResponse.swift in Sources */ = {isa = PBXBuildFile; fileRef = 0A30AEC22C9B9C34000DF18B /* StationboardResponse.swift */; };
		0A30AEC52C9B9C3E000DF18B /* StationboardEntry.swift in Sources */ = {isa = PBXBuildFile; fileRef = 0A30AEC42C9B9C3E000DF18B /* StationboardEntry.swift */; };
		0A30AEC72C9B9C44000DF18B /* Stop.swift in Sources */ = {isa = PBXBuildFile; fileRef = 0A30AEC62C9B9C44000DF18B /* Stop.swift */; };
		0A30AEC92C9B9C49000DF18B /* Station.swift in Sources */ = {isa = PBXBuildFile; fileRef = 0A30AEC82C9B9C49000DF18B /* Station.swift */; };
		0A30AECB2C9B9C50000DF18B /* Coordinate.swift in Sources */ = {isa = PBXBuildFile; fileRef = 0A30AECA2C9B9C50000DF18B /* Coordinate.swift */; };
		0A30AECD2C9B9C5A000DF18B /* StopWithDirections.swift in Sources */ = {isa = PBXBuildFile; fileRef = 0A30AECC2C9B9C5A000DF18B /* StopWithDirections.swift */; };
		0A30AED02C9B9C70000DF18B /* TransportAPIService.swift in Sources */ = {isa = PBXBuildFile; fileRef = 0A30AECF2C9B9C70000DF18B /* TransportAPIService.swift */; };
		0A30AED22C9B9C78000DF18B /* BikeAPIService.swift in Sources */ = {isa = PBXBuildFile; fileRef = 0A30AED12C9B9C78000DF18B /* BikeAPIService.swift */; };
/* End PBXBuildFile section */

/* Begin PBXFileReference section */
		0A30AE9B2C9B9A91000DF18B /* epfl-travel.app */ = {isa = PBXFileReference; explicitFileType = wrapper.application; includeInIndex = 0; path = "epfl-travel.app"; sourceTree = BUILT_PRODUCTS_DIR; };
		0A30AE9E2C9B9A91000DF18B /* epfl_travelApp.swift */ = {isa = PBXFileReference; lastKnownFileType = sourcecode.swift; path = epfl_travelApp.swift; sourceTree = "<group>"; };
		0A30AEA02C9B9A91000DF18B /* ContentView.swift */ = {isa = PBXFileReference; lastKnownFileType = sourcecode.swift; path = ContentView.swift; sourceTree = "<group>"; };
		0A30AEA22C9B9A93000DF18B /* Assets.xcassets */ = {isa = PBXFileReference; lastKnownFileType = folder.assetcatalog; path = Assets.xcassets; sourceTree = "<group>"; };
		0A30AEA52C9B9A93000DF18B /* Preview Assets.xcassets */ = {isa = PBXFileReference; lastKnownFileType = folder.assetcatalog; path = "Preview Assets.xcassets"; sourceTree = "<group>"; };
		0A30AEB02C9B9B5F000DF18B /* MapView.swift */ = {isa = PBXFileReference; lastKnownFileType = sourcecode.swift; path = MapView.swift; sourceTree = "<group>"; };
		0A30AEB42C9B9BAA000DF18B /* TimetableView.swift */ = {isa = PBXFileReference; lastKnownFileType = sourcecode.swift; path = TimetableView.swift; sourceTree = "<group>"; };
		0A30AEB72C9B9BF5000DF18B /* LocationManager.swift */ = {isa = PBXFileReference; lastKnownFileType = sourcecode.swift; path = LocationManager.swift; sourceTree = "<group>"; };
		0A30AEBA2C9B9C05000DF18B /* TransportStop.swift */ = {isa = PBXFileReference; lastKnownFileType = sourcecode.swift; path = TransportStop.swift; sourceTree = "<group>"; };
		0A30AEBC2C9B9C13000DF18B /* BikeStop.swift */ = {isa = PBXFileReference; lastKnownFileType = sourcecode.swift; path = BikeStop.swift; sourceTree = "<group>"; };
		0A30AEBE2C9B9C25000DF18B /* StopsResponse.swift */ = {isa = PBXFileReference; lastKnownFileType = sourcecode.swift; path = StopsResponse.swift; sourceTree = "<group>"; };
		0A30AEC02C9B9C2B000DF18B /* Route.swift */ = {isa = PBXFileReference; lastKnownFileType = sourcecode.swift; path = Route.swift; sourceTree = "<group>"; };
		0A30AEC22C9B9C34000DF18B /* StationboardResponse.swift */ = {isa = PBXFileReference; lastKnownFileType = sourcecode.swift; path = StationboardResponse.swift; sourceTree = "<group>"; };
		0A30AEC42C9B9C3E000DF18B /* StationboardEntry.swift */ = {isa = PBXFileReference; lastKnownFileType = sourcecode.swift; path = StationboardEntry.swift; sourceTree = "<group>"; };
		0A30AEC62C9B9C44000DF18B /* Stop.swift */ = {isa = PBXFileReference; lastKnownFileType = sourcecode.swift; path = Stop.swift; sourceTree = "<group>"; };
		0A30AEC82C9B9C49000DF18B /* Station.swift */ = {isa = PBXFileReference; lastKnownFileType = sourcecode.swift; path = Station.swift; sourceTree = "<group>"; };
		0A30AECA2C9B9C50000DF18B /* Coordinate.swift */ = {isa = PBXFileReference; lastKnownFileType = sourcecode.swift; path = Coordinate.swift; sourceTree = "<group>"; };
		0A30AECC2C9B9C5A000DF18B /* StopWithDirections.swift */ = {isa = PBXFileReference; lastKnownFileType = sourcecode.swift; path = StopWithDirections.swift; sourceTree = "<group>"; };
		0A30AECF2C9B9C70000DF18B /* TransportAPIService.swift */ = {isa = PBXFileReference; lastKnownFileType = sourcecode.swift; path = TransportAPIService.swift; sourceTree = "<group>"; };
		0A30AED12C9B9C78000DF18B /* BikeAPIService.swift */ = {isa = PBXFileReference; lastKnownFileType = sourcecode.swift; path = BikeAPIService.swift; sourceTree = "<group>"; };
/* End PBXFileReference section */

/* Begin PBXFrameworksBuildPhase section */
		0A30AE982C9B9A91000DF18B /* Frameworks */ = {
			isa = PBXFrameworksBuildPhase;
			buildActionMask = 2147483647;
			files = (
			);
			runOnlyForDeploymentPostprocessing = 0;
		};
/* End PBXFrameworksBuildPhase section */

/* Begin PBXGroup section */
		0A30AE922C9B9A91000DF18B = {
			isa = PBXGroup;
			children = (
				0A30AE9D2C9B9A91000DF18B /* epfl-travel */,
				0A30AE9C2C9B9A91000DF18B /* Products */,
			);
			sourceTree = "<group>";
		};
		0A30AE9C2C9B9A91000DF18B /* Products */ = {
			isa = PBXGroup;
			children = (
				0A30AE9B2C9B9A91000DF18B /* epfl-travel.app */,
			);
			name = Products;
			sourceTree = "<group>";
		};
		0A30AE9D2C9B9A91000DF18B /* epfl-travel */ = {
			isa = PBXGroup;
			children = (
				0A30AEAE2C9B9B35000DF18B /* Utilities */,
				0A30AEAD2C9B9B29000DF18B /* Core */,
				0A30AEAC2C9B9B25000DF18B /* UI */,
				0A30AE9E2C9B9A91000DF18B /* epfl_travelApp.swift */,
				0A30AEA22C9B9A93000DF18B /* Assets.xcassets */,
				0A30AEA42C9B9A93000DF18B /* Preview Content */,
			);
			path = "epfl-travel";
			sourceTree = "<group>";
		};
		0A30AEA42C9B9A93000DF18B /* Preview Content */ = {
			isa = PBXGroup;
			children = (
				0A30AEA52C9B9A93000DF18B /* Preview Assets.xcassets */,
			);
			path = "Preview Content";
			sourceTree = "<group>";
		};
		0A30AEAC2C9B9B25000DF18B /* UI */ = {
			isa = PBXGroup;
			children = (
				0A30AEAF2C9B9B52000DF18B /* Views */,
			);
			path = UI;
			sourceTree = "<group>";
		};
		0A30AEAD2C9B9B29000DF18B /* Core */ = {
			isa = PBXGroup;
			children = (
				0A30AECE2C9B9C66000DF18B /* Services */,
				0A30AEB92C9B9BFB000DF18B /* Models */,
				0A30AEB62C9B9BE9000DF18B /* Managers */,
			);
			path = Core;
			sourceTree = "<group>";
		};
		0A30AEAE2C9B9B35000DF18B /* Utilities */ = {
			isa = PBXGroup;
			children = (
			);
			path = Utilities;
			sourceTree = "<group>";
		};
		0A30AEAF2C9B9B52000DF18B /* Views */ = {
			isa = PBXGroup;
			children = (
				0A30AEA02C9B9A91000DF18B /* ContentView.swift */,
				0A30AEB02C9B9B5F000DF18B /* MapView.swift */,
				0A30AEB42C9B9BAA000DF18B /* TimetableView.swift */,
			);
			path = Views;
			sourceTree = "<group>";
		};
		0A30AEB62C9B9BE9000DF18B /* Managers */ = {
			isa = PBXGroup;
			children = (
				0A30AEB72C9B9BF5000DF18B /* LocationManager.swift */,
			);
			path = Managers;
			sourceTree = "<group>";
		};
		0A30AEB92C9B9BFB000DF18B /* Models */ = {
			isa = PBXGroup;
			children = (
				0A30AEBA2C9B9C05000DF18B /* TransportStop.swift */,
				0A30AEBC2C9B9C13000DF18B /* BikeStop.swift */,
				0A30AEBE2C9B9C25000DF18B /* StopsResponse.swift */,
				0A30AEC02C9B9C2B000DF18B /* Route.swift */,
				0A30AEC22C9B9C34000DF18B /* StationboardResponse.swift */,
				0A30AEC42C9B9C3E000DF18B /* StationboardEntry.swift */,
				0A30AEC62C9B9C44000DF18B /* Stop.swift */,
				0A30AEC82C9B9C49000DF18B /* Station.swift */,
				0A30AECA2C9B9C50000DF18B /* Coordinate.swift */,
				0A30AECC2C9B9C5A000DF18B /* StopWithDirections.swift */,
			);
			path = Models;
			sourceTree = "<group>";
		};
		0A30AECE2C9B9C66000DF18B /* Services */ = {
			isa = PBXGroup;
			children = (
				0A30AECF2C9B9C70000DF18B /* TransportAPIService.swift */,
				0A30AED12C9B9C78000DF18B /* BikeAPIService.swift */,
			);
			path = Services;
			sourceTree = "<group>";
		};
/* End PBXGroup section */

/* Begin PBXNativeTarget section */
		0A30AE9A2C9B9A91000DF18B /* epfl-travel */ = {
			isa = PBXNativeTarget;
			buildConfigurationList = 0A30AEA92C9B9A93000DF18B /* Build configuration list for PBXNativeTarget "epfl-travel" */;
			buildPhases = (
				0A30AE972C9B9A91000DF18B /* Sources */,
				0A30AE982C9B9A91000DF18B /* Frameworks */,
				0A30AE992C9B9A91000DF18B /* Resources */,
			);
			buildRules = (
			);
			dependencies = (
			);
			name = "epfl-travel";
			productName = "epfl-travel";
			productReference = 0A30AE9B2C9B9A91000DF18B /* epfl-travel.app */;
			productType = "com.apple.product-type.application";
		};
/* End PBXNativeTarget section */

/* Begin PBXProject section */
		0A30AE932C9B9A91000DF18B /* Project object */ = {
			isa = PBXProject;
			attributes = {
				BuildIndependentTargetsInParallel = 1;
				LastSwiftUpdateCheck = 1540;
				LastUpgradeCheck = 1540;
				TargetAttributes = {
					0A30AE9A2C9B9A91000DF18B = {
						CreatedOnToolsVersion = 15.4;
					};
				};
			};
			buildConfigurationList = 0A30AE962C9B9A91000DF18B /* Build configuration list for PBXProject "epfl-travel" */;
			compatibilityVersion = "Xcode 14.0";
			developmentRegion = en;
			hasScannedForEncodings = 0;
			knownRegions = (
				en,
				Base,
			);
			mainGroup = 0A30AE922C9B9A91000DF18B;
			productRefGroup = 0A30AE9C2C9B9A91000DF18B /* Products */;
			projectDirPath = "";
			projectRoot = "";
			targets = (
				0A30AE9A2C9B9A91000DF18B /* epfl-travel */,
			);
		};
/* End PBXProject section */

/* Begin PBXResourcesBuildPhase section */
		0A30AE992C9B9A91000DF18B /* Resources */ = {
			isa = PBXResourcesBuildPhase;
			buildActionMask = 2147483647;
			files = (
				0A30AEA62C9B9A93000DF18B /* Preview Assets.xcassets in Resources */,
				0A30AEA32C9B9A93000DF18B /* Assets.xcassets in Resources */,
			);
			runOnlyForDeploymentPostprocessing = 0;
		};
/* End PBXResourcesBuildPhase section */

/* Begin PBXSourcesBuildPhase section */
		0A30AE972C9B9A91000DF18B /* Sources */ = {
			isa = PBXSourcesBuildPhase;
			buildActionMask = 2147483647;
			files = (
				0A30AED02C9B9C70000DF18B /* TransportAPIService.swift in Sources */,
				0A30AEBF2C9B9C25000DF18B /* StopsResponse.swift in Sources */,
				0A30AEBD2C9B9C13000DF18B /* BikeStop.swift in Sources */,
				0A30AEC52C9B9C3E000DF18B /* StationboardEntry.swift in Sources */,
				0A30AEC32C9B9C34000DF18B /* StationboardResponse.swift in Sources */,
				0A30AEB52C9B9BAA000DF18B /* TimetableView.swift in Sources */,
				0A30AEC12C9B9C2B000DF18B /* Route.swift in Sources */,
				0A30AEC92C9B9C49000DF18B /* Station.swift in Sources */,
				0A30AEA12C9B9A91000DF18B /* ContentView.swift in Sources */,
				0A30AEB82C9B9BF5000DF18B /* LocationManager.swift in Sources */,
				0A30AECD2C9B9C5A000DF18B /* StopWithDirections.swift in Sources */,
				0A30AEC72C9B9C44000DF18B /* Stop.swift in Sources */,
				0A30AEBB2C9B9C05000DF18B /* TransportStop.swift in Sources */,
				0A30AEB12C9B9B5F000DF18B /* MapView.swift in Sources */,
				0A30AE9F2C9B9A91000DF18B /* epfl_travelApp.swift in Sources */,
				0A30AECB2C9B9C50000DF18B /* Coordinate.swift in Sources */,
				0A30AED22C9B9C78000DF18B /* BikeAPIService.swift in Sources */,
			);
			runOnlyForDeploymentPostprocessing = 0;
		};
/* End PBXSourcesBuildPhase section */

/* Begin XCBuildConfiguration section */
		0A30AEA72C9B9A93000DF18B /* Debug */ = {
			isa = XCBuildConfiguration;
			buildSettings = {
				ALWAYS_SEARCH_USER_PATHS = NO;
				ASSETCATALOG_COMPILER_GENERATE_SWIFT_ASSET_SYMBOL_EXTENSIONS = YES;
				CLANG_ANALYZER_NONNULL = YES;
				CLANG_ANALYZER_NUMBER_OBJECT_CONVERSION = YES_AGGRESSIVE;
				CLANG_CXX_LANGUAGE_STANDARD = "gnu++20";
				CLANG_ENABLE_MODULES = YES;
				CLANG_ENABLE_OBJC_ARC = YES;
				CLANG_ENABLE_OBJC_WEAK = YES;
				CLANG_WARN_BLOCK_CAPTURE_AUTORELEASING = YES;
				CLANG_WARN_BOOL_CONVERSION = YES;
				CLANG_WARN_COMMA = YES;
				CLANG_WARN_CONSTANT_CONVERSION = YES;
				CLANG_WARN_DEPRECATED_OBJC_IMPLEMENTATIONS = YES;
				CLANG_WARN_DIRECT_OBJC_ISA_USAGE = YES_ERROR;
				CLANG_WARN_DOCUMENTATION_COMMENTS = YES;
				CLANG_WARN_EMPTY_BODY = YES;
				CLANG_WARN_ENUM_CONVERSION = YES;
				CLANG_WARN_INFINITE_RECURSION = YES;
				CLANG_WARN_INT_CONVERSION = YES;
				CLANG_WARN_NON_LITERAL_NULL_CONVERSION = YES;
				CLANG_WARN_OBJC_IMPLICIT_RETAIN_SELF = YES;
				CLANG_WARN_OBJC_LITERAL_CONVERSION = YES;
				CLANG_WARN_OBJC_ROOT_CLASS = YES_ERROR;
				CLANG_WARN_QUOTED_INCLUDE_IN_FRAMEWORK_HEADER = YES;
				CLANG_WARN_RANGE_LOOP_ANALYSIS = YES;
				CLANG_WARN_STRICT_PROTOTYPES = YES;
				CLANG_WARN_SUSPICIOUS_MOVE = YES;
				CLANG_WARN_UNGUARDED_AVAILABILITY = YES_AGGRESSIVE;
				CLANG_WARN_UNREACHABLE_CODE = YES;
				CLANG_WARN__DUPLICATE_METHOD_MATCH = YES;
				COPY_PHASE_STRIP = NO;
				DEBUG_INFORMATION_FORMAT = dwarf;
				ENABLE_STRICT_OBJC_MSGSEND = YES;
				ENABLE_TESTABILITY = YES;
				ENABLE_USER_SCRIPT_SANDBOXING = YES;
				GCC_C_LANGUAGE_STANDARD = gnu17;
				GCC_DYNAMIC_NO_PIC = NO;
				GCC_NO_COMMON_BLOCKS = YES;
				GCC_OPTIMIZATION_LEVEL = 0;
				GCC_PREPROCESSOR_DEFINITIONS = (
					"DEBUG=1",
					"$(inherited)",
				);
				GCC_WARN_64_TO_32_BIT_CONVERSION = YES;
				GCC_WARN_ABOUT_RETURN_TYPE = YES_ERROR;
				GCC_WARN_UNDECLARED_SELECTOR = YES;
				GCC_WARN_UNINITIALIZED_AUTOS = YES_AGGRESSIVE;
				GCC_WARN_UNUSED_FUNCTION = YES;
				GCC_WARN_UNUSED_VARIABLE = YES;
				IPHONEOS_DEPLOYMENT_TARGET = 17.5;
				LOCALIZATION_PREFERS_STRING_CATALOGS = YES;
				MTL_ENABLE_DEBUG_INFO = INCLUDE_SOURCE;
				MTL_FAST_MATH = YES;
				ONLY_ACTIVE_ARCH = YES;
				SDKROOT = iphoneos;
				SWIFT_ACTIVE_COMPILATION_CONDITIONS = "DEBUG $(inherited)";
				SWIFT_OPTIMIZATION_LEVEL = "-Onone";
			};
			name = Debug;
		};
		0A30AEA82C9B9A93000DF18B /* Release */ = {
			isa = XCBuildConfiguration;
			buildSettings = {
				ALWAYS_SEARCH_USER_PATHS = NO;
				ASSETCATALOG_COMPILER_GENERATE_SWIFT_ASSET_SYMBOL_EXTENSIONS = YES;
				CLANG_ANALYZER_NONNULL = YES;
				CLANG_ANALYZER_NUMBER_OBJECT_CONVERSION = YES_AGGRESSIVE;
				CLANG_CXX_LANGUAGE_STANDARD = "gnu++20";
				CLANG_ENABLE_MODULES = YES;
				CLANG_ENABLE_OBJC_ARC = YES;
				CLANG_ENABLE_OBJC_WEAK = YES;
				CLANG_WARN_BLOCK_CAPTURE_AUTORELEASING = YES;
				CLANG_WARN_BOOL_CONVERSION = YES;
				CLANG_WARN_COMMA = YES;
				CLANG_WARN_CONSTANT_CONVERSION = YES;
				CLANG_WARN_DEPRECATED_OBJC_IMPLEMENTATIONS = YES;
				CLANG_WARN_DIRECT_OBJC_ISA_USAGE = YES_ERROR;
				CLANG_WARN_DOCUMENTATION_COMMENTS = YES;
				CLANG_WARN_EMPTY_BODY = YES;
				CLANG_WARN_ENUM_CONVERSION = YES;
				CLANG_WARN_INFINITE_RECURSION = YES;
				CLANG_WARN_INT_CONVERSION = YES;
				CLANG_WARN_NON_LITERAL_NULL_CONVERSION = YES;
				CLANG_WARN_OBJC_IMPLICIT_RETAIN_SELF = YES;
				CLANG_WARN_OBJC_LITERAL_CONVERSION = YES;
				CLANG_WARN_OBJC_ROOT_CLASS = YES_ERROR;
				CLANG_WARN_QUOTED_INCLUDE_IN_FRAMEWORK_HEADER = YES;
				CLANG_WARN_RANGE_LOOP_ANALYSIS = YES;
				CLANG_WARN_STRICT_PROTOTYPES = YES;
				CLANG_WARN_SUSPICIOUS_MOVE = YES;
				CLANG_WARN_UNGUARDED_AVAILABILITY = YES_AGGRESSIVE;
				CLANG_WARN_UNREACHABLE_CODE = YES;
				CLANG_WARN__DUPLICATE_METHOD_MATCH = YES;
				COPY_PHASE_STRIP = NO;
				DEBUG_INFORMATION_FORMAT = "dwarf-with-dsym";
				ENABLE_NS_ASSERTIONS = NO;
				ENABLE_STRICT_OBJC_MSGSEND = YES;
				ENABLE_USER_SCRIPT_SANDBOXING = YES;
				GCC_C_LANGUAGE_STANDARD = gnu17;
				GCC_NO_COMMON_BLOCKS = YES;
				GCC_WARN_64_TO_32_BIT_CONVERSION = YES;
				GCC_WARN_ABOUT_RETURN_TYPE = YES_ERROR;
				GCC_WARN_UNDECLARED_SELECTOR = YES;
				GCC_WARN_UNINITIALIZED_AUTOS = YES_AGGRESSIVE;
				GCC_WARN_UNUSED_FUNCTION = YES;
				GCC_WARN_UNUSED_VARIABLE = YES;
				IPHONEOS_DEPLOYMENT_TARGET = 17.5;
				LOCALIZATION_PREFERS_STRING_CATALOGS = YES;
				MTL_ENABLE_DEBUG_INFO = NO;
				MTL_FAST_MATH = YES;
				SDKROOT = iphoneos;
				SWIFT_COMPILATION_MODE = wholemodule;
				VALIDATE_PRODUCT = YES;
			};
			name = Release;
		};
		0A30AEAA2C9B9A93000DF18B /* Debug */ = {
			isa = XCBuildConfiguration;
			buildSettings = {
				ASSETCATALOG_COMPILER_APPICON_NAME = AppIcon;
				ASSETCATALOG_COMPILER_GLOBAL_ACCENT_COLOR_NAME = AccentColor;
				CODE_SIGN_STYLE = Automatic;
				CURRENT_PROJECT_VERSION = 1;
				DEVELOPMENT_ASSET_PATHS = "\"epfl-travel/Preview Content\"";
				DEVELOPMENT_TEAM = UMJGBRJ9UN;
				ENABLE_PREVIEWS = YES;
				GENERATE_INFOPLIST_FILE = YES;
				INFOPLIST_KEY_UIApplicationSceneManifest_Generation = YES;
				INFOPLIST_KEY_UIApplicationSupportsIndirectInputEvents = YES;
				INFOPLIST_KEY_UILaunchScreen_Generation = YES;
				INFOPLIST_KEY_UISupportedInterfaceOrientations_iPad = "UIInterfaceOrientationPortrait UIInterfaceOrientationPortraitUpsideDown UIInterfaceOrientationLandscapeLeft UIInterfaceOrientationLandscapeRight";
				INFOPLIST_KEY_UISupportedInterfaceOrientations_iPhone = "UIInterfaceOrientationPortrait UIInterfaceOrientationLandscapeLeft UIInterfaceOrientationLandscapeRight";
				LD_RUNPATH_SEARCH_PATHS = (
					"$(inherited)",
					"@executable_path/Frameworks",
				);
				MARKETING_VERSION = 1.0;
				PRODUCT_BUNDLE_IDENTIFIER = "com.barniszalai.epfl-travel";
				PRODUCT_NAME = "$(TARGET_NAME)";
				SWIFT_EMIT_LOC_STRINGS = YES;
				SWIFT_VERSION = 5.0;
				TARGETED_DEVICE_FAMILY = "1,2";
			};
			name = Debug;
		};
		0A30AEAB2C9B9A93000DF18B /* Release */ = {
			isa = XCBuildConfiguration;
			buildSettings = {
				ASSETCATALOG_COMPILER_APPICON_NAME = AppIcon;
				ASSETCATALOG_COMPILER_GLOBAL_ACCENT_COLOR_NAME = AccentColor;
				CODE_SIGN_STYLE = Automatic;
				CURRENT_PROJECT_VERSION = 1;
				DEVELOPMENT_ASSET_PATHS = "\"epfl-travel/Preview Content\"";
				DEVELOPMENT_TEAM = UMJGBRJ9UN;
				ENABLE_PREVIEWS = YES;
				GENERATE_INFOPLIST_FILE = YES;
				INFOPLIST_KEY_UIApplicationSceneManifest_Generation = YES;
				INFOPLIST_KEY_UIApplicationSupportsIndirectInputEvents = YES;
				INFOPLIST_KEY_UILaunchScreen_Generation = YES;
				INFOPLIST_KEY_UISupportedInterfaceOrientations_iPad = "UIInterfaceOrientationPortrait UIInterfaceOrientationPortraitUpsideDown UIInterfaceOrientationLandscapeLeft UIInterfaceOrientationLandscapeRight";
				INFOPLIST_KEY_UISupportedInterfaceOrientations_iPhone = "UIInterfaceOrientationPortrait UIInterfaceOrientationLandscapeLeft UIInterfaceOrientationLandscapeRight";
				LD_RUNPATH_SEARCH_PATHS = (
					"$(inherited)",
					"@executable_path/Frameworks",
				);
				MARKETING_VERSION = 1.0;
				PRODUCT_BUNDLE_IDENTIFIER = "com.barniszalai.epfl-travel";
				PRODUCT_NAME = "$(TARGET_NAME)";
				SWIFT_EMIT_LOC_STRINGS = YES;
				SWIFT_VERSION = 5.0;
				TARGETED_DEVICE_FAMILY = "1,2";
			};
			name = Release;
		};
/* End XCBuildConfiguration section */

/* Begin XCConfigurationList section */
		0A30AE962C9B9A91000DF18B /* Build configuration list for PBXProject "epfl-travel" */ = {
			isa = XCConfigurationList;
			buildConfigurations = (
				0A30AEA72C9B9A93000DF18B /* Debug */,
				0A30AEA82C9B9A93000DF18B /* Release */,
			);
			defaultConfigurationIsVisible = 0;
			defaultConfigurationName = Release;
		};
		0A30AEA92C9B9A93000DF18B /* Build configuration list for PBXNativeTarget "epfl-travel" */ = {
			isa = XCConfigurationList;
			buildConfigurations = (
				0A30AEAA2C9B9A93000DF18B /* Debug */,
				0A30AEAB2C9B9A93000DF18B /* Release */,
			);
			defaultConfigurationIsVisible = 0;
			defaultConfigurationName = Release;
		};
/* End XCConfigurationList section */
	};
	rootObject = 0A30AE932C9B9A91000DF18B /* Project object */;
}
